{
  "analysis.composition_contract": {
    "content_hash": "0db35485b641e91a",
    "version": "1.0"
  },
  "analysis.creative_fingerprint": {
    "content_hash": "84ff5f3fc9da7d49",
    "version": "1.0"
  },
  "analysis.marketing_analysis": {
    "content_hash": "ff7516b34a267426",
    "version": "1.0"
  },
  "analysis.narrative_structure": {
    "content_hash": "2ba429a1263ecfed",
    "version": "1.0"
  },
  "analysis.product_isolation": {
    "content_hash": "061ad8963e8f9519",
    "version": "1.0"
  },
  "analysis.product_lock_profile": {
    "content_hash": "890cc572c25cd40e",
    "version": "1.0"
  },
  "analysis.scene_intelligence": {
    "content_hash": "51ae78938b88dd19",
    "version": "1.0"
  },
  "analysis.typography_system": {
    "content_hash": "bdbaac7cf987b27e",
    "version": "2.0"
  },
  "generation.compiler": {
    "content_hash": "d3b3f0d8a9491444",
    "version": "5.0"
  },
  "generation.creative_intelligence": {
    "content_hash": "fcffde2b386a53b3",
    "version": "1.0"
  },
  "generation.creative_specification": {
    "content_hash": "14f26214cea805ba",
    "version": "1.0"
  },
  "generation.image_compilation": {
    "content_hash": "74865eaa55bb7873",
    "version": "1.0"
  },
  "generation.retry_reason": {
    "content_hash": "a51bd518d3b9fc84",
    "version": "2.0"
  },
  "generation.text_rewrite": {
    "content_hash": "5d1318fa8fede98a",
    "version": "1.0"
  },
  "library.reference_scoring": {
    "content_hash": "b28b29fa5119f81d",
    "version": "1.0"
  },
  "library.supersede_check": {
    "content_hash": "2860ea5335b2a8e3",
    "version": "1.0"
  },
  "ocr.extract_text": {
    "content_hash": "fb12d77677664a42",
    "version": "1.0"
  },
  "validation.creative_fidelity": {
    "content_hash": "f092b727fd11fb43",
    "version": "1.0"
  },
  "validation.identity": {
    "content_hash": "401c5942248d2056",
    "version": "1.0"
  },
  "validation.photorealism": {
    "content_hash": "8160d420d239d831",
    "version": "1.0"
  },
  "validation.style_illustrated": {
    "content_hash": "19dcefa8bc3e7255",
    "version": "1.0"
  },
  "validation.style_mixed": {
    "content_hash": "1e8f875431ecf859",
    "version": "1.0"
  },
  "validation.style_render": {
    "content_hash": "02cc42fbb0323e52",
    "version": "1.0"
  }
}
